# Every configuration ID ever issued. Test results reference these IDs.
# Managed by "doioma lock": new IDs are appended, none are ever removed.
# A renamed config keeps its old ID in its "aliases" list.
imac10-1-21-late-2009-a
imac10-1-21-late-2009-b
imac10-1-27-late-2009-a
imac11-1-27-late-2009-a
imac11-2-21-mid-2010-a
imac11-2-21-mid-2010-b
imac11-3-27-mid-2010-a
imac11-3-27-mid-2010-b
imac12-1-21-late-2011-a
imac12-1-21-mid-2011-a
imac12-1-21-mid-2011-b
imac12-2-27-mid-2011-a
imac12-2-27-mid-2011-b
imac13-1-21-late-2012-a
imac13-1-21-late-2012-b
imac13-2-27-late-2012-680mx
imac13-2-27-late-2012-a
imac13-2-27-late-2012-b
imac13-3-21-early-2013-a
imac14-1-21-late-2013-a
imac14-2-27-late-2013-780m
imac14-2-27-late-2013-a
imac14-2-27-late-2013-b
imac14-3-21-late-2013-a
imac14-4-21-mid-2014-a
imac15-1-5k-late-2014-a
imac15-1-5k-late-2014-m295x
imac15-1-5k-mid-2015-a
imac15-1-5k-mid-2015-m295x
imac16-1-21-late-2015-a
imac16-2-21-late-2015-a
imac16-2-4k-late-2015-a
imac17-1-5k-late-2015-a
imac17-1-5k-late-2015-b
imac17-1-5k-late-2015-c
imac18-1-21-2017-a
imac18-2-4k-2017-a
imac18-3-5k-2017-a
imac19-1-5k-2019-a
imac19-1-5k-2019-vega48
imac19-2-4k-2019-a
imac19-2-4k-2019-vega20
imac20-1-5k-2020-10gbe
imac20-1-5k-2020-a
imac20-2-5k-2020-10gbe
imac20-2-5k-2020-a
imac4-1-17-early-2006-a
imac4-1-20-early-2006-a
imac4-2-17-mid-2006-a
imac5-1-17-late-2006-a
imac5-1-20-late-2006-a
imac5-2-17-late-2006-a
imac6-1-24-late-2006-7600gt
imac6-1-24-late-2006-a
imac7-1-20-mid-2007-a
imac7-1-20-mid-2007-b
imac7-1-24-mid-2007-a
imac8-1-20-early-2008-a
imac8-1-20-early-2008-b
imac8-1-24-early-2008-a
imac8-1-24-early-2008-b
imac9-1-20-early-2009-a
imac9-1-20-mid-2009-a
imac9-1-24-early-2009-4850
imac9-1-24-early-2009-a
imac9-1-24-early-2009-b
imac9-1-24-early-2009-c
macbookair1-1-early-2008-a
macbookair2-1-late-2008-a
macbookair2-1-mid-2009-a
macbookair3-1-late-2010-a
macbookair3-2-late-2010-a
macbookair4-1-mid-2011-a
macbookair4-2-mid-2011-a
macbookair5-1-mid-2012-a
macbookair5-2-mid-2012-a
macbookair6-1-early-2014-a
macbookair6-1-mid-2013-a
macbookair6-2-early-2014-a
macbookair6-2-mid-2013-a
macbookair7-1-early-2015-a
macbookair7-2-2017-a
macbookair7-2-early-2015-a
macbookair8-1-2018-a
macbookair8-2-2019-a
macbookair9-1-2020-a
macbookair9-1-2020-b
macmini1-1-early-2006-a
macmini1-1-late-2006-a
macmini2-1-mid-2007-a
macmini3-1-early-2009-a
macmini3-1-late-2009-a
macmini3-1-late-2009-server
macmini4-1-mid-2010-a
macmini4-1-mid-2010-server
macmini5-1-mid-2011-a
macmini5-2-mid-2011-a
macmini5-3-mid-2011-server
macmini6-1-late-2012-a
macmini6-2-late-2012-a
macmini7-1-late-2014-a
macmini7-1-late-2014-b
macmini8-1-2018-10gbe
macmini8-1-2018-a
